# This file is automatically @generated by Poetry 1.8.4 and should not be changed by hand.

[[package]]
name = "pymodbus"
version = "3.7.4"
description = "A fully featured modbus protocol stack in python"
optional = false
python-versions = ">=3.9.0"
files = [
    {file = "pymodbus-3.7.4-py3-none-any.whl", hash = "sha256:dfb45ef9a2c1663875ad32378f780b5824628cd3c0a486851e64b8a3341a3e82"},
    {file = "pymodbus-3.7.4.tar.gz", hash = "sha256:573c370aea04523403eea1e159616a583cd7b93cfc5c81b07340d3cccd52c99f"},
]

[package.extras]
all = ["pymodbus[development,documentation,repl,serial,simulator]"]
development = ["build (>=1.2.2)", "codespell (>=2.3.0)", "coverage (>=7.6.1)", "mypy (>=1.11.2)", "pylint (>=3.3.0)", "pytest (>=8.3.3)", "pytest-aiohttp (>=1.0.5)", "pytest-asyncio (>=0.24.0)", "pytest-cov (>=5.0.0)", "pytest-profiling (>=1.7.0)", "pytest-timeout (>=2.3.1)", "pytest-xdist (>=3.6.1)", "ruff (>=0.5.3)", "twine (>=5.1.1)", "types-Pygments", "types-pyserial"]
documentation = ["Sphinx (>=7.3.7)", "recommonmark (>=0.7.1)", "sphinx-rtd-theme (>=2.0.0)"]
repl = ["pymodbus-repl (>=2.0.4)"]
serial = ["pyserial (>=3.5)"]
simulator = ["aiohttp (>=3.10.5)", "aiohttp (>=3.8.6)"]

[metadata]
lock-version = "2.0"
python-versions = "^3.12"
content-hash = "6829bf82c6a92c3fcd4bfb9d9983c9c1ed0be46374300e3c6b3f846b101d8d13"
